
Microsoft Visual Studio Solution File, Format Version 12.00
# Visual Studio Version 16
VisualStudioVersion = 16.0.30204.135
MinimumVisualStudioVersion = 10.0.40219.1
Project("{FAE04EC0-301F-11D3-BF4B-00C04F79EFBC}") = "ExtensionHelper", "ExtensionHelper\ExtensionHelper.csproj", "{6CF4688B-0F33-4001-A58A-2AB6DBF0EEA8}"
EndProject
Project("{FAE04EC0-301F-11D3-BF4B-00C04F79EFBC}") = "ExtensionHelperTest", "ExtensionHelperTest\ExtensionHelperTest.csproj", "{A87D2551-64D0-4936-8FD2-974C4FD6EC7D}"
EndProject
Global
	GlobalSection(SolutionConfigurationPlatforms) = preSolution
		Debug|Any CPU = Debug|Any CPU
		Release|Any CPU = Release|Any CPU
	EndGlobalSection
	GlobalSection(ProjectConfigurationPlatforms) = postSolution
		{6CF4688B-0F33-4001-A58A-2AB6DBF0EEA8}.Debug|Any CPU.ActiveCfg = Debug|Any CPU
		{6CF4688B-0F33-4001-A58A-2AB6DBF0EEA8}.Debug|Any CPU.Build.0 = Debug|Any CPU
		{6CF4688B-0F33-4001-A58A-2AB6DBF0EEA8}.Release|Any CPU.ActiveCfg = Release|Any CPU
		{6CF4688B-0F33-4001-A58A-2AB6DBF0EEA8}.Release|Any CPU.Build.0 = Release|Any CPU
		{A87D2551-64D0-4936-8FD2-974C4FD6EC7D}.Debug|Any CPU.ActiveCfg = Debug|Any CPU
		{A87D2551-64D0-4936-8FD2-974C4FD6EC7D}.Debug|Any CPU.Build.0 = Debug|Any CPU
		{A87D2551-64D0-4936-8FD2-974C4FD6EC7D}.Release|Any CPU.ActiveCfg = Release|Any CPU
		{A87D2551-64D0-4936-8FD2-974C4FD6EC7D}.Release|Any CPU.Build.0 = Release|Any CPU
	EndGlobalSection
	GlobalSection(SolutionProperties) = preSolution
		HideSolutionNode = FALSE
	EndGlobalSection
	GlobalSection(ExtensibilityGlobals) = postSolution
		SolutionGuid = {2763370E-16A2-45E8-8A64-BFADA7F3028A}
	EndGlobalSection
EndGlobal
